
Microsoft Visual Studio Solution File, Format Version 12.00
# Visual Studio 2013
VisualStudioVersion = 12.0.40629.0
MinimumVisualStudioVersion = 10.0.40219.1
Project("{2150E333-8FDC-42A3-9474-1A3956D46DE8}") = "Patterns", "Patterns", "{ADBEBD2E-1A08-4E0C-99CD-4686398CF89F}"
EndProject
Project("{FAE04EC0-301F-11D3-BF4B-00C04F79EFBC}") = "Tutorials.Builder", "src\Tutorials.Builder\Tutorials.Builder.csproj", "{1027FC10-8F70-4B6F-A884-0224C9BF54E8}"
EndProject
Project("{2150E333-8FDC-42A3-9474-1A3956D46DE8}") = "Applications", "Applications", "{57263B2F-E22B-46A3-AC5C-C570AB1577AE}"
EndProject
Project("{E24C65DC-7377-472B-9ABA-BC803B73C61A}") = "Tutorials.AngularNodeApi", "http://localhost:27481", "{374367DC-096D-4D6C-9500-2B657E2E850B}"
	ProjectSection(WebsiteProperties) = preProject
		UseIISExpress = "true"
		TargetFrameworkMoniker = ".NETFramework,Version%3Dv4.0"
		Debug.AspNetCompiler.VirtualPath = "/localhost_27481"
		Debug.AspNetCompiler.PhysicalPath = "src\Tutorials.AngularNodeApi\"
		Debug.AspNetCompiler.TargetPath = "PrecompiledWeb\localhost_27481\"
		Debug.AspNetCompiler.Updateable = "true"
		Debug.AspNetCompiler.ForceOverwrite = "true"
		Debug.AspNetCompiler.FixedNames = "false"
		Debug.AspNetCompiler.Debug = "True"
		Release.AspNetCompiler.VirtualPath = "/localhost_27481"
		Release.AspNetCompiler.PhysicalPath = "src\Tutorials.AngularNodeApi\"
		Release.AspNetCompiler.TargetPath = "PrecompiledWeb\localhost_27481\"
		Release.AspNetCompiler.Updateable = "true"
		Release.AspNetCompiler.ForceOverwrite = "true"
		Release.AspNetCompiler.FixedNames = "false"
		Release.AspNetCompiler.Debug = "False"
		SlnRelativePath = "src\Tutorials.AngularNodeApi\"
	EndProjectSection
EndProject
Global
	GlobalSection(SolutionConfigurationPlatforms) = preSolution
		Debug|Any CPU = Debug|Any CPU
		Release|Any CPU = Release|Any CPU
	EndGlobalSection
	GlobalSection(ProjectConfigurationPlatforms) = postSolution
		{1027FC10-8F70-4B6F-A884-0224C9BF54E8}.Debug|Any CPU.ActiveCfg = Debug|Any CPU
		{1027FC10-8F70-4B6F-A884-0224C9BF54E8}.Debug|Any CPU.Build.0 = Debug|Any CPU
		{1027FC10-8F70-4B6F-A884-0224C9BF54E8}.Release|Any CPU.ActiveCfg = Release|Any CPU
		{1027FC10-8F70-4B6F-A884-0224C9BF54E8}.Release|Any CPU.Build.0 = Release|Any CPU
		{374367DC-096D-4D6C-9500-2B657E2E850B}.Debug|Any CPU.ActiveCfg = Debug|Any CPU
		{374367DC-096D-4D6C-9500-2B657E2E850B}.Debug|Any CPU.Build.0 = Debug|Any CPU
		{374367DC-096D-4D6C-9500-2B657E2E850B}.Release|Any CPU.ActiveCfg = Debug|Any CPU
		{374367DC-096D-4D6C-9500-2B657E2E850B}.Release|Any CPU.Build.0 = Debug|Any CPU
	EndGlobalSection
	GlobalSection(SolutionProperties) = preSolution
		HideSolutionNode = FALSE
	EndGlobalSection
	GlobalSection(NestedProjects) = preSolution
		{1027FC10-8F70-4B6F-A884-0224C9BF54E8} = {ADBEBD2E-1A08-4E0C-99CD-4686398CF89F}
		{374367DC-096D-4D6C-9500-2B657E2E850B} = {57263B2F-E22B-46A3-AC5C-C570AB1577AE}
	EndGlobalSection
EndGlobal
